
Microsoft Visual Studio Solution File, Format Version 12.00
Project("{FAE04EC0-301F-11D3-BF4B-00C04F79EFBC}") = "s-marcinkowski-135898-cw1", "s-marcinkowski-135898-cw1\s-marcinkowski-135898-cw1.csproj", "{1B1F0E43-982A-4AAA-A7EE-5125A2C4141C}"
EndProject
Global
	GlobalSection(SolutionConfigurationPlatforms) = preSolution
		Debug|Any CPU = Debug|Any CPU
		Release|Any CPU = Release|Any CPU
	EndGlobalSection
	GlobalSection(ProjectConfigurationPlatforms) = postSolution
		{1B1F0E43-982A-4AAA-A7EE-5125A2C4141C}.Debug|Any CPU.ActiveCfg = Debug|Any CPU
		{1B1F0E43-982A-4AAA-A7EE-5125A2C4141C}.Debug|Any CPU.Build.0 = Debug|Any CPU
		{1B1F0E43-982A-4AAA-A7EE-5125A2C4141C}.Release|Any CPU.ActiveCfg = Release|Any CPU
		{1B1F0E43-982A-4AAA-A7EE-5125A2C4141C}.Release|Any CPU.Build.0 = Release|Any CPU
	EndGlobalSection
EndGlobal
